// !$*UTF8*$!
{
	archiveVersion = 1;
	classes = {
	};
	objectVersion = 56;
	objects = {

/* Begin PBXBuildFile section */
		4202D4BD2C4A485000223356 /* GoRacesApp.swift in Sources */ = {isa = PBXBuildFile; fileRef = 4202D4BC2C4A485000223356 /* GoRacesApp.swift */; };
		4202D4C12C4A485100223356 /* Assets.xcassets in Resources */ = {isa = PBXBuildFile; fileRef = 4202D4C02C4A485100223356 /* Assets.xcassets */; };
		4202D4C42C4A485100223356 /* Preview Assets.xcassets in Resources */ = {isa = PBXBuildFile; fileRef = 4202D4C32C4A485100223356 /* Preview Assets.xcassets */; };
		4202D4E82C4A591500223356 /* Swinject in Frameworks */ = {isa = PBXBuildFile; productRef = 4202D4E72C4A591500223356 /* Swinject */; };
		4202D4EC2C4A5C1900223356 /* RaceQueryServiceProtocol.swift in Sources */ = {isa = PBXBuildFile; fileRef = 4202D4EB2C4A5C1900223356 /* RaceQueryServiceProtocol.swift */; };
		4202D4F02C4A65DD00223356 /* RacesDTO.swift in Sources */ = {isa = PBXBuildFile; fileRef = 4202D4EF2C4A65DD00223356 /* RacesDTO.swift */; };
		4202D4F22C4A683200223356 /* RaceModel.swift in Sources */ = {isa = PBXBuildFile; fileRef = 4202D4F12C4A683200223356 /* RaceModel.swift */; };
		4202D4F42C4A68A000223356 /* RaceType.swift in Sources */ = {isa = PBXBuildFile; fileRef = 4202D4F32C4A68A000223356 /* RaceType.swift */; };
		4202D4F72C4A6C4C00223356 /* RaceModelTests.swift in Sources */ = {isa = PBXBuildFile; fileRef = 4202D4F62C4A6C4C00223356 /* RaceModelTests.swift */; };
		4202D4F92C4A740B00223356 /* RaceQueryService.swift in Sources */ = {isa = PBXBuildFile; fileRef = 4202D4F82C4A740B00223356 /* RaceQueryService.swift */; };
		4202D4FB2C4A75B300223356 /* NetworkError.swift in Sources */ = {isa = PBXBuildFile; fileRef = 4202D4FA2C4A75B300223356 /* NetworkError.swift */; };
		4202D4FD2C4B56F000223356 /* ServicesAssembly.swift in Sources */ = {isa = PBXBuildFile; fileRef = 4202D4FC2C4B56F000223356 /* ServicesAssembly.swift */; };
		4202D4FF2C4B57FF00223356 /* ApplicationAssembly.swift in Sources */ = {isa = PBXBuildFile; fileRef = 4202D4FE2C4B57FF00223356 /* ApplicationAssembly.swift */; };
		4202D5012C4B58E200223356 /* DIResolver.swift in Sources */ = {isa = PBXBuildFile; fileRef = 4202D5002C4B58E200223356 /* DIResolver.swift */; };
		4202D5052C4B5ADD00223356 /* RacesListViewModel.swift in Sources */ = {isa = PBXBuildFile; fileRef = 4202D5042C4B5ADD00223356 /* RacesListViewModel.swift */; };
		4202D5072C4B5AEC00223356 /* RacesListView.swift in Sources */ = {isa = PBXBuildFile; fileRef = 4202D5062C4B5AEC00223356 /* RacesListView.swift */; };
		4202D5092C4B5BE800223356 /* FeaturesAssembly.swift in Sources */ = {isa = PBXBuildFile; fileRef = 4202D5082C4B5BE800223356 /* FeaturesAssembly.swift */; };
		4202D50C2C4B80F100223356 /* RaceQueryServiceMock.swift in Sources */ = {isa = PBXBuildFile; fileRef = 4202D50B2C4B80F100223356 /* RaceQueryServiceMock.swift */; };
		4202D50E2C4B861600223356 /* RaceType+icon.swift in Sources */ = {isa = PBXBuildFile; fileRef = 4202D50D2C4B861600223356 /* RaceType+icon.swift */; };
		4202D5102C4CA58500223356 /* RaceFilterView.swift in Sources */ = {isa = PBXBuildFile; fileRef = 4202D50F2C4CA58500223356 /* RaceFilterView.swift */; };
		4202D5162C4CA6F500223356 /* RaceQueryServiceTests.swift in Sources */ = {isa = PBXBuildFile; fileRef = 4202D5152C4CA6F500223356 /* RaceQueryServiceTests.swift */; };
/* End PBXBuildFile section */

/* Begin PBXContainerItemProxy section */
		4202D4CA2C4A485100223356 /* PBXContainerItemProxy */ = {
			isa = PBXContainerItemProxy;
			containerPortal = 4202D4B12C4A485000223356 /* Project object */;
			proxyType = 1;
			remoteGlobalIDString = 4202D4B82C4A485000223356;
			remoteInfo = GoRaces;
		};
/* End PBXContainerItemProxy section */

/* Begin PBXFileReference section */
		4202D4B92C4A485000223356 /* GoRaces.app */ = {isa = PBXFileReference; explicitFileType = wrapper.application; includeInIndex = 0; path = GoRaces.app; sourceTree = BUILT_PRODUCTS_DIR; };
		4202D4BC2C4A485000223356 /* GoRacesApp.swift */ = {isa = PBXFileReference; lastKnownFileType = sourcecode.swift; path = GoRacesApp.swift; sourceTree = "<group>"; };
		4202D4C02C4A485100223356 /* Assets.xcassets */ = {isa = PBXFileReference; lastKnownFileType = folder.assetcatalog; path = Assets.xcassets; sourceTree = "<group>"; };
		4202D4C32C4A485100223356 /* Preview Assets.xcassets */ = {isa = PBXFileReference; lastKnownFileType = folder.assetcatalog; path = "Preview Assets.xcassets"; sourceTree = "<group>"; };
		4202D4C92C4A485100223356 /* GoRacesTests.xctest */ = {isa = PBXFileReference; explicitFileType = wrapper.cfbundle; includeInIndex = 0; path = GoRacesTests.xctest; sourceTree = BUILT_PRODUCTS_DIR; };
		4202D4EB2C4A5C1900223356 /* RaceQueryServiceProtocol.swift */ = {isa = PBXFileReference; lastKnownFileType = sourcecode.swift; path = RaceQueryServiceProtocol.swift; sourceTree = "<group>"; };
		4202D4EF2C4A65DD00223356 /* RacesDTO.swift */ = {isa = PBXFileReference; lastKnownFileType = sourcecode.swift; path = RacesDTO.swift; sourceTree = "<group>"; };
		4202D4F12C4A683200223356 /* RaceModel.swift */ = {isa = PBXFileReference; lastKnownFileType = sourcecode.swift; path = RaceModel.swift; sourceTree = "<group>"; };
		4202D4F32C4A68A000223356 /* RaceType.swift */ = {isa = PBXFileReference; lastKnownFileType = sourcecode.swift; path = RaceType.swift; sourceTree = "<group>"; };
		4202D4F62C4A6C4C00223356 /* RaceModelTests.swift */ = {isa = PBXFileReference; lastKnownFileType = sourcecode.swift; path = RaceModelTests.swift; sourceTree = "<group>"; };
		4202D4F82C4A740B00223356 /* RaceQueryService.swift */ = {isa = PBXFileReference; lastKnownFileType = sourcecode.swift; path = RaceQueryService.swift; sourceTree = "<group>"; };
		4202D4FA2C4A75B300223356 /* NetworkError.swift */ = {isa = PBXFileReference; lastKnownFileType = sourcecode.swift; path = NetworkError.swift; sourceTree = "<group>"; };
		4202D4FC2C4B56F000223356 /* ServicesAssembly.swift */ = {isa = PBXFileReference; lastKnownFileType = sourcecode.swift; path = ServicesAssembly.swift; sourceTree = "<group>"; };
		4202D4FE2C4B57FF00223356 /* ApplicationAssembly.swift */ = {isa = PBXFileReference; lastKnownFileType = sourcecode.swift; path = ApplicationAssembly.swift; sourceTree = "<group>"; };
		4202D5002C4B58E200223356 /* DIResolver.swift */ = {isa = PBXFileReference; lastKnownFileType = sourcecode.swift; path = DIResolver.swift; sourceTree = "<group>"; };
		4202D5042C4B5ADD00223356 /* RacesListViewModel.swift */ = {isa = PBXFileReference; lastKnownFileType = sourcecode.swift; path = RacesListViewModel.swift; sourceTree = "<group>"; };
		4202D5062C4B5AEC00223356 /* RacesListView.swift */ = {isa = PBXFileReference; lastKnownFileType = sourcecode.swift; path = RacesListView.swift; sourceTree = "<group>"; };
		4202D5082C4B5BE800223356 /* FeaturesAssembly.swift */ = {isa = PBXFileReference; lastKnownFileType = sourcecode.swift; path = FeaturesAssembly.swift; sourceTree = "<group>"; };
		4202D50B2C4B80F100223356 /* RaceQueryServiceMock.swift */ = {isa = PBXFileReference; lastKnownFileType = sourcecode.swift; path = RaceQueryServiceMock.swift; sourceTree = "<group>"; };
		4202D50D2C4B861600223356 /* RaceType+icon.swift */ = {isa = PBXFileReference; lastKnownFileType = sourcecode.swift; path = "RaceType+icon.swift"; sourceTree = "<group>"; };
		4202D50F2C4CA58500223356 /* RaceFilterView.swift */ = {isa = PBXFileReference; lastKnownFileType = sourcecode.swift; path = RaceFilterView.swift; sourceTree = "<group>"; };
		4202D5152C4CA6F500223356 /* RaceQueryServiceTests.swift */ = {isa = PBXFileReference; fileEncoding = 4; lastKnownFileType = sourcecode.swift; path = RaceQueryServiceTests.swift; sourceTree = "<group>"; };
/* End PBXFileReference section */

/* Begin PBXFrameworksBuildPhase section */
		4202D4B62C4A485000223356 /* Frameworks */ = {
			isa = PBXFrameworksBuildPhase;
			buildActionMask = 2147483647;
			files = (
				4202D4E82C4A591500223356 /* Swinject in Frameworks */,
			);
			runOnlyForDeploymentPostprocessing = 0;
		};
		4202D4C62C4A485100223356 /* Frameworks */ = {
			isa = PBXFrameworksBuildPhase;
			buildActionMask = 2147483647;
			files = (
			);
			runOnlyForDeploymentPostprocessing = 0;
		};
/* End PBXFrameworksBuildPhase section */

/* Begin PBXGroup section */
		4202D4B02C4A485000223356 = {
			isa = PBXGroup;
			children = (
				4202D4BB2C4A485000223356 /* GoRaces */,
				4202D4CC2C4A485100223356 /* GoRacesTests */,
				4202D4BA2C4A485000223356 /* Products */,
			);
			sourceTree = "<group>";
		};
		4202D4BA2C4A485000223356 /* Products */ = {
			isa = PBXGroup;
			children = (
				4202D4B92C4A485000223356 /* GoRaces.app */,
				4202D4C92C4A485100223356 /* GoRacesTests.xctest */,
			);
			name = Products;
			sourceTree = "<group>";
		};
		4202D4BB2C4A485000223356 /* GoRaces */ = {
			isa = PBXGroup;
			children = (
				4202D5022C4B5AA200223356 /* Features */,
				4202D4ED2C4A5D3B00223356 /* Models */,
				4202D4E92C4A5AD000223356 /* Services */,
				4202D4FE2C4B57FF00223356 /* ApplicationAssembly.swift */,
				4202D5002C4B58E200223356 /* DIResolver.swift */,
				4202D4BC2C4A485000223356 /* GoRacesApp.swift */,
				4202D4C02C4A485100223356 /* Assets.xcassets */,
				4202D4C22C4A485100223356 /* Preview Content */,
			);
			path = GoRaces;
			sourceTree = "<group>";
		};
		4202D4C22C4A485100223356 /* Preview Content */ = {
			isa = PBXGroup;
			children = (
				4202D4C32C4A485100223356 /* Preview Assets.xcassets */,
			);
			path = "Preview Content";
			sourceTree = "<group>";
		};
		4202D4CC2C4A485100223356 /* GoRacesTests */ = {
			isa = PBXGroup;
			children = (
				4202D4F52C4A6C2600223356 /* Models */,
				4202D5142C4CA6CA00223356 /* Services */,
			);
			path = GoRacesTests;
			sourceTree = "<group>";
		};
		4202D4E92C4A5AD000223356 /* Services */ = {
			isa = PBXGroup;
			children = (
				4202D50A2C4B80C700223356 /* Mocks */,
				4202D4EA2C4A5B1800223356 /* Protocols */,
				4202D4F82C4A740B00223356 /* RaceQueryService.swift */,
				4202D4FC2C4B56F000223356 /* ServicesAssembly.swift */,
			);
			path = Services;
			sourceTree = "<group>";
		};
		4202D4EA2C4A5B1800223356 /* Protocols */ = {
			isa = PBXGroup;
			children = (
				4202D4EB2C4A5C1900223356 /* RaceQueryServiceProtocol.swift */,
			);
			path = Protocols;
			sourceTree = "<group>";
		};
		4202D4ED2C4A5D3B00223356 /* Models */ = {
			isa = PBXGroup;
			children = (
				4202D4EE2C4A65C600223356 /* DTO */,
				4202D4F12C4A683200223356 /* RaceModel.swift */,
				4202D4F32C4A68A000223356 /* RaceType.swift */,
				4202D4FA2C4A75B300223356 /* NetworkError.swift */,
			);
			path = Models;
			sourceTree = "<group>";
		};
		4202D4EE2C4A65C600223356 /* DTO */ = {
			isa = PBXGroup;
			children = (
				4202D4EF2C4A65DD00223356 /* RacesDTO.swift */,
			);
			path = DTO;
			sourceTree = "<group>";
		};
		4202D4F52C4A6C2600223356 /* Models */ = {
			isa = PBXGroup;
			children = (
				4202D4F62C4A6C4C00223356 /* RaceModelTests.swift */,
			);
			path = Models;
			sourceTree = "<group>";
		};
		4202D5022C4B5AA200223356 /* Features */ = {
			isa = PBXGroup;
			children = (
				4202D5032C4B5AB600223356 /* RacesList */,
				4202D5082C4B5BE800223356 /* FeaturesAssembly.swift */,
			);
			path = Features;
			sourceTree = "<group>";
		};
		4202D5032C4B5AB600223356 /* RacesList */ = {
			isa = PBXGroup;
			children = (
				4202D5042C4B5ADD00223356 /* RacesListViewModel.swift */,
				4202D5062C4B5AEC00223356 /* RacesListView.swift */,
				4202D50D2C4B861600223356 /* RaceType+icon.swift */,
				4202D50F2C4CA58500223356 /* RaceFilterView.swift */,
			);
			path = RacesList;
			sourceTree = "<group>";
		};
		4202D50A2C4B80C700223356 /* Mocks */ = {
			isa = PBXGroup;
			children = (
				4202D50B2C4B80F100223356 /* RaceQueryServiceMock.swift */,
			);
			path = Mocks;
			sourceTree = "<group>";
		};
		4202D5142C4CA6CA00223356 /* Services */ = {
			isa = PBXGroup;
			children = (
				4202D5152C4CA6F500223356 /* RaceQueryServiceTests.swift */,
			);
			path = Services;
			sourceTree = "<group>";
		};
/* End PBXGroup section */

/* Begin PBXNativeTarget section */
		4202D4B82C4A485000223356 /* GoRaces */ = {
			isa = PBXNativeTarget;
			buildConfigurationList = 4202D4DD2C4A485100223356 /* Build configuration list for PBXNativeTarget "GoRaces" */;
			buildPhases = (
				4202D4B52C4A485000223356 /* Sources */,
				4202D4B62C4A485000223356 /* Frameworks */,
				4202D4B72C4A485000223356 /* Resources */,
			);
			buildRules = (
			);
			dependencies = (
			);
			name = GoRaces;
			packageProductDependencies = (
				4202D4E72C4A591500223356 /* Swinject */,
			);
			productName = GoRaces;
			productReference = 4202D4B92C4A485000223356 /* GoRaces.app */;
			productType = "com.apple.product-type.application";
		};
		4202D4C82C4A485100223356 /* GoRacesTests */ = {
			isa = PBXNativeTarget;
			buildConfigurationList = 4202D4E02C4A485100223356 /* Build configuration list for PBXNativeTarget "GoRacesTests" */;
			buildPhases = (
				4202D4C52C4A485100223356 /* Sources */,
				4202D4C62C4A485100223356 /* Frameworks */,
				4202D4C72C4A485100223356 /* Resources */,
			);
			buildRules = (
			);
			dependencies = (
				4202D4CB2C4A485100223356 /* PBXTargetDependency */,
			);
			name = GoRacesTests;
			productName = GoRacesTests;
			productReference = 4202D4C92C4A485100223356 /* GoRacesTests.xctest */;
			productType = "com.apple.product-type.bundle.unit-test";
		};
/* End PBXNativeTarget section */

/* Begin PBXProject section */
		4202D4B12C4A485000223356 /* Project object */ = {
			isa = PBXProject;
			attributes = {
				BuildIndependentTargetsInParallel = 1;
				LastSwiftUpdateCheck = 1540;
				LastUpgradeCheck = 1540;
				TargetAttributes = {
					4202D4B82C4A485000223356 = {
						CreatedOnToolsVersion = 15.4;
					};
					4202D4C82C4A485100223356 = {
						CreatedOnToolsVersion = 15.4;
						TestTargetID = 4202D4B82C4A485000223356;
					};
				};
			};
			buildConfigurationList = 4202D4B42C4A485000223356 /* Build configuration list for PBXProject "GoRaces" */;
			compatibilityVersion = "Xcode 14.0";
			developmentRegion = en;
			hasScannedForEncodings = 0;
			knownRegions = (
				en,
				Base,
			);
			mainGroup = 4202D4B02C4A485000223356;
			packageReferences = (
				4202D4E62C4A591500223356 /* XCRemoteSwiftPackageReference "Swinject" */,
			);
			productRefGroup = 4202D4BA2C4A485000223356 /* Products */;
			projectDirPath = "";
			projectRoot = "";
			targets = (
				4202D4B82C4A485000223356 /* GoRaces */,
				4202D4C82C4A485100223356 /* GoRacesTests */,
			);
		};
/* End PBXProject section */

/* Begin PBXResourcesBuildPhase section */
		4202D4B72C4A485000223356 /* Resources */ = {
			isa = PBXResourcesBuildPhase;
			buildActionMask = 2147483647;
			files = (
				4202D4C42C4A485100223356 /* Preview Assets.xcassets in Resources */,
				4202D4C12C4A485100223356 /* Assets.xcassets in Resources */,
			);
			runOnlyForDeploymentPostprocessing = 0;
		};
		4202D4C72C4A485100223356 /* Resources */ = {
			isa = PBXResourcesBuildPhase;
			buildActionMask = 2147483647;
			files = (
			);
			runOnlyForDeploymentPostprocessing = 0;
		};
/* End PBXResourcesBuildPhase section */

/* Begin PBXSourcesBuildPhase section */
		4202D4B52C4A485000223356 /* Sources */ = {
			isa = PBXSourcesBuildPhase;
			buildActionMask = 2147483647;
			files = (
				4202D4F42C4A68A000223356 /* RaceType.swift in Sources */,
				4202D4FB2C4A75B300223356 /* NetworkError.swift in Sources */,
				4202D4F92C4A740B00223356 /* RaceQueryService.swift in Sources */,
				4202D5072C4B5AEC00223356 /* RacesListView.swift in Sources */,
				4202D4EC2C4A5C1900223356 /* RaceQueryServiceProtocol.swift in Sources */,
				4202D5092C4B5BE800223356 /* FeaturesAssembly.swift in Sources */,
				4202D5052C4B5ADD00223356 /* RacesListViewModel.swift in Sources */,
				4202D50C2C4B80F100223356 /* RaceQueryServiceMock.swift in Sources */,
				4202D4F02C4A65DD00223356 /* RacesDTO.swift in Sources */,
				4202D5102C4CA58500223356 /* RaceFilterView.swift in Sources */,
				4202D4FF2C4B57FF00223356 /* ApplicationAssembly.swift in Sources */,
				4202D4F22C4A683200223356 /* RaceModel.swift in Sources */,
				4202D5012C4B58E200223356 /* DIResolver.swift in Sources */,
				4202D4FD2C4B56F000223356 /* ServicesAssembly.swift in Sources */,
				4202D4BD2C4A485000223356 /* GoRacesApp.swift in Sources */,
				4202D50E2C4B861600223356 /* RaceType+icon.swift in Sources */,
			);
			runOnlyForDeploymentPostprocessing = 0;
		};
		4202D4C52C4A485100223356 /* Sources */ = {
			isa = PBXSourcesBuildPhase;
			buildActionMask = 2147483647;
			files = (
				4202D4F72C4A6C4C00223356 /* RaceModelTests.swift in Sources */,
				4202D5162C4CA6F500223356 /* RaceQueryServiceTests.swift in Sources */,
			);
			runOnlyForDeploymentPostprocessing = 0;
		};
/* End PBXSourcesBuildPhase section */

/* Begin PBXTargetDependency section */
		4202D4CB2C4A485100223356 /* PBXTargetDependency */ = {
			isa = PBXTargetDependency;
			target = 4202D4B82C4A485000223356 /* GoRaces */;
			targetProxy = 4202D4CA2C4A485100223356 /* PBXContainerItemProxy */;
		};
/* End PBXTargetDependency section */

/* Begin XCBuildConfiguration section */
		4202D4DB2C4A485100223356 /* Debug */ = {
			isa = XCBuildConfiguration;
			buildSettings = {
				ALWAYS_SEARCH_USER_PATHS = NO;
				ASSETCATALOG_COMPILER_GENERATE_SWIFT_ASSET_SYMBOL_EXTENSIONS = YES;
				CLANG_ANALYZER_NONNULL = YES;
				CLANG_ANALYZER_NUMBER_OBJECT_CONVERSION = YES_AGGRESSIVE;
				CLANG_CXX_LANGUAGE_STANDARD = "gnu++20";
				CLANG_ENABLE_MODULES = YES;
				CLANG_ENABLE_OBJC_ARC = YES;
				CLANG_ENABLE_OBJC_WEAK = YES;
				CLANG_WARN_BLOCK_CAPTURE_AUTORELEASING = YES;
				CLANG_WARN_BOOL_CONVERSION = YES;
				CLANG_WARN_COMMA = YES;
				CLANG_WARN_CONSTANT_CONVERSION = YES;
				CLANG_WARN_DEPRECATED_OBJC_IMPLEMENTATIONS = YES;
				CLANG_WARN_DIRECT_OBJC_ISA_USAGE = YES_ERROR;
				CLANG_WARN_DOCUMENTATION_COMMENTS = YES;
				CLANG_WARN_EMPTY_BODY = YES;
				CLANG_WARN_ENUM_CONVERSION = YES;
				CLANG_WARN_INFINITE_RECURSION = YES;
				CLANG_WARN_INT_CONVERSION = YES;
				CLANG_WARN_NON_LITERAL_NULL_CONVERSION = YES;
				CLANG_WARN_OBJC_IMPLICIT_RETAIN_SELF = YES;
				CLANG_WARN_OBJC_LITERAL_CONVERSION = YES;
				CLANG_WARN_OBJC_ROOT_CLASS = YES_ERROR;
				CLANG_WARN_QUOTED_INCLUDE_IN_FRAMEWORK_HEADER = YES;
				CLANG_WARN_RANGE_LOOP_ANALYSIS = YES;
				CLANG_WARN_STRICT_PROTOTYPES = YES;
				CLANG_WARN_SUSPICIOUS_MOVE = YES;
				CLANG_WARN_UNGUARDED_AVAILABILITY = YES_AGGRESSIVE;
				CLANG_WARN_UNREACHABLE_CODE = YES;
				CLANG_WARN__DUPLICATE_METHOD_MATCH = YES;
				COPY_PHASE_STRIP = NO;
				DEBUG_INFORMATION_FORMAT = dwarf;
				ENABLE_STRICT_OBJC_MSGSEND = YES;
				ENABLE_TESTABILITY = YES;
				ENABLE_USER_SCRIPT_SANDBOXING = YES;
				GCC_C_LANGUAGE_STANDARD = gnu17;
				GCC_DYNAMIC_NO_PIC = NO;
				GCC_NO_COMMON_BLOCKS = YES;
				GCC_OPTIMIZATION_LEVEL = 0;
				GCC_PREPROCESSOR_DEFINITIONS = (
					"DEBUG=1",
					"$(inherited)",
				);
				GCC_WARN_64_TO_32_BIT_CONVERSION = YES;
				GCC_WARN_ABOUT_RETURN_TYPE = YES_ERROR;
				GCC_WARN_UNDECLARED_SELECTOR = YES;
				GCC_WARN_UNINITIALIZED_AUTOS = YES_AGGRESSIVE;
				GCC_WARN_UNUSED_FUNCTION = YES;
				GCC_WARN_UNUSED_VARIABLE = YES;
				IPHONEOS_DEPLOYMENT_TARGET = 17.5;
				LOCALIZATION_PREFERS_STRING_CATALOGS = YES;
				MTL_ENABLE_DEBUG_INFO = INCLUDE_SOURCE;
				MTL_FAST_MATH = YES;
				ONLY_ACTIVE_ARCH = YES;
				SDKROOT = iphoneos;
				SWIFT_ACTIVE_COMPILATION_CONDITIONS = "DEBUG $(inherited)";
				SWIFT_OPTIMIZATION_LEVEL = "-Onone";
			};
			name = Debug;
		};
		4202D4DC2C4A485100223356 /* Release */ = {
			isa = XCBuildConfiguration;
			buildSettings = {
				ALWAYS_SEARCH_USER_PATHS = NO;
				ASSETCATALOG_COMPILER_GENERATE_SWIFT_ASSET_SYMBOL_EXTENSIONS = YES;
				CLANG_ANALYZER_NONNULL = YES;
				CLANG_ANALYZER_NUMBER_OBJECT_CONVERSION = YES_AGGRESSIVE;
				CLANG_CXX_LANGUAGE_STANDARD = "gnu++20";
				CLANG_ENABLE_MODULES = YES;
				CLANG_ENABLE_OBJC_ARC = YES;
				CLANG_ENABLE_OBJC_WEAK = YES;
				CLANG_WARN_BLOCK_CAPTURE_AUTORELEASING = YES;
				CLANG_WARN_BOOL_CONVERSION = YES;
				CLANG_WARN_COMMA = YES;
				CLANG_WARN_CONSTANT_CONVERSION = YES;
				CLANG_WARN_DEPRECATED_OBJC_IMPLEMENTATIONS = YES;
				CLANG_WARN_DIRECT_OBJC_ISA_USAGE = YES_ERROR;
				CLANG_WARN_DOCUMENTATION_COMMENTS = YES;
				CLANG_WARN_EMPTY_BODY = YES;
				CLANG_WARN_ENUM_CONVERSION = YES;
				CLANG_WARN_INFINITE_RECURSION = YES;
				CLANG_WARN_INT_CONVERSION = YES;
				CLANG_WARN_NON_LITERAL_NULL_CONVERSION = YES;
				CLANG_WARN_OBJC_IMPLICIT_RETAIN_SELF = YES;
				CLANG_WARN_OBJC_LITERAL_CONVERSION = YES;
				CLANG_WARN_OBJC_ROOT_CLASS = YES_ERROR;
				CLANG_WARN_QUOTED_INCLUDE_IN_FRAMEWORK_HEADER = YES;
				CLANG_WARN_RANGE_LOOP_ANALYSIS = YES;
				CLANG_WARN_STRICT_PROTOTYPES = YES;
				CLANG_WARN_SUSPICIOUS_MOVE = YES;
				CLANG_WARN_UNGUARDED_AVAILABILITY = YES_AGGRESSIVE;
				CLANG_WARN_UNREACHABLE_CODE = YES;
				CLANG_WARN__DUPLICATE_METHOD_MATCH = YES;
				COPY_PHASE_STRIP = NO;
				DEBUG_INFORMATION_FORMAT = "dwarf-with-dsym";
				ENABLE_NS_ASSERTIONS = NO;
				ENABLE_STRICT_OBJC_MSGSEND = YES;
				ENABLE_USER_SCRIPT_SANDBOXING = YES;
				GCC_C_LANGUAGE_STANDARD = gnu17;
				GCC_NO_COMMON_BLOCKS = YES;
				GCC_WARN_64_TO_32_BIT_CONVERSION = YES;
				GCC_WARN_ABOUT_RETURN_TYPE = YES_ERROR;
				GCC_WARN_UNDECLARED_SELECTOR = YES;
				GCC_WARN_UNINITIALIZED_AUTOS = YES_AGGRESSIVE;
				GCC_WARN_UNUSED_FUNCTION = YES;
				GCC_WARN_UNUSED_VARIABLE = YES;
				IPHONEOS_DEPLOYMENT_TARGET = 17.5;
				LOCALIZATION_PREFERS_STRING_CATALOGS = YES;
				MTL_ENABLE_DEBUG_INFO = NO;
				MTL_FAST_MATH = YES;
				SDKROOT = iphoneos;
				SWIFT_COMPILATION_MODE = wholemodule;
				VALIDATE_PRODUCT = YES;
			};
			name = Release;
		};
		4202D4DE2C4A485100223356 /* Debug */ = {
			isa = XCBuildConfiguration;
			buildSettings = {
				ASSETCATALOG_COMPILER_APPICON_NAME = AppIcon;
				ASSETCATALOG_COMPILER_GLOBAL_ACCENT_COLOR_NAME = AccentColor;
				CODE_SIGN_STYLE = Automatic;
				CURRENT_PROJECT_VERSION = 1;
				DEVELOPMENT_ASSET_PATHS = "\"GoRaces/Preview Content\"";
				DEVELOPMENT_TEAM = TQDS6MDQ3F;
				ENABLE_PREVIEWS = YES;
				GENERATE_INFOPLIST_FILE = YES;
				INFOPLIST_KEY_LSApplicationCategoryType = "public.app-category.sports";
				INFOPLIST_KEY_UIApplicationSceneManifest_Generation = YES;
				INFOPLIST_KEY_UIApplicationSupportsIndirectInputEvents = YES;
				INFOPLIST_KEY_UILaunchScreen_Generation = YES;
				INFOPLIST_KEY_UISupportedInterfaceOrientations_iPad = "UIInterfaceOrientationPortrait UIInterfaceOrientationPortraitUpsideDown UIInterfaceOrientationLandscapeLeft UIInterfaceOrientationLandscapeRight";
				INFOPLIST_KEY_UISupportedInterfaceOrientations_iPhone = "UIInterfaceOrientationPortrait UIInterfaceOrientationLandscapeLeft UIInterfaceOrientationLandscapeRight";
				IPHONEOS_DEPLOYMENT_TARGET = 15.6;
				LD_RUNPATH_SEARCH_PATHS = (
					"$(inherited)",
					"@executable_path/Frameworks",
				);
				MARKETING_VERSION = 1.0;
				PRODUCT_BUNDLE_IDENTIFIER = com.igorelik.GoRaces;
				PRODUCT_NAME = "$(TARGET_NAME)";
				SWIFT_EMIT_LOC_STRINGS = YES;
				SWIFT_VERSION = 5.0;
				TARGETED_DEVICE_FAMILY = "1,2";
			};
			name = Debug;
		};
		4202D4DF2C4A485100223356 /* Release */ = {
			isa = XCBuildConfiguration;
			buildSettings = {
				ASSETCATALOG_COMPILER_APPICON_NAME = AppIcon;
				ASSETCATALOG_COMPILER_GLOBAL_ACCENT_COLOR_NAME = AccentColor;
				CODE_SIGN_STYLE = Automatic;
				CURRENT_PROJECT_VERSION = 1;
				DEVELOPMENT_ASSET_PATHS = "\"GoRaces/Preview Content\"";
				DEVELOPMENT_TEAM = TQDS6MDQ3F;
				ENABLE_PREVIEWS = YES;
				GENERATE_INFOPLIST_FILE = YES;
				INFOPLIST_KEY_LSApplicationCategoryType = "public.app-category.sports";
				INFOPLIST_KEY_UIApplicationSceneManifest_Generation = YES;
				INFOPLIST_KEY_UIApplicationSupportsIndirectInputEvents = YES;
				INFOPLIST_KEY_UILaunchScreen_Generation = YES;
				INFOPLIST_KEY_UISupportedInterfaceOrientations_iPad = "UIInterfaceOrientationPortrait UIInterfaceOrientationPortraitUpsideDown UIInterfaceOrientationLandscapeLeft UIInterfaceOrientationLandscapeRight";
				INFOPLIST_KEY_UISupportedInterfaceOrientations_iPhone = "UIInterfaceOrientationPortrait UIInterfaceOrientationLandscapeLeft UIInterfaceOrientationLandscapeRight";
				IPHONEOS_DEPLOYMENT_TARGET = 15.6;
				LD_RUNPATH_SEARCH_PATHS = (
					"$(inherited)",
					"@executable_path/Frameworks",
				);
				MARKETING_VERSION = 1.0;
				PRODUCT_BUNDLE_IDENTIFIER = com.igorelik.GoRaces;
				PRODUCT_NAME = "$(TARGET_NAME)";
				SWIFT_EMIT_LOC_STRINGS = YES;
				SWIFT_VERSION = 5.0;
				TARGETED_DEVICE_FAMILY = "1,2";
			};
			name = Release;
		};
		4202D4E12C4A485100223356 /* Debug */ = {
			isa = XCBuildConfiguration;
			buildSettings = {
				ALWAYS_EMBED_SWIFT_STANDARD_LIBRARIES = YES;
				BUNDLE_LOADER = "$(TEST_HOST)";
				CODE_SIGN_STYLE = Automatic;
				CURRENT_PROJECT_VERSION = 1;
				DEVELOPMENT_TEAM = TQDS6MDQ3F;
				GENERATE_INFOPLIST_FILE = YES;
				IPHONEOS_DEPLOYMENT_TARGET = 15.6;
				MARKETING_VERSION = 1.0;
				PRODUCT_BUNDLE_IDENTIFIER = com.igorelik.GoRacesTests;
				PRODUCT_NAME = "$(TARGET_NAME)";
				SWIFT_EMIT_LOC_STRINGS = NO;
				SWIFT_VERSION = 5.0;
				TARGETED_DEVICE_FAMILY = "1,2";
				TEST_HOST = "$(BUILT_PRODUCTS_DIR)/GoRaces.app/$(BUNDLE_EXECUTABLE_FOLDER_PATH)/GoRaces";
			};
			name = Debug;
		};
		4202D4E22C4A485100223356 /* Release */ = {
			isa = XCBuildConfiguration;
			buildSettings = {
				ALWAYS_EMBED_SWIFT_STANDARD_LIBRARIES = YES;
				BUNDLE_LOADER = "$(TEST_HOST)";
				CODE_SIGN_STYLE = Automatic;
				CURRENT_PROJECT_VERSION = 1;
				DEVELOPMENT_TEAM = TQDS6MDQ3F;
				GENERATE_INFOPLIST_FILE = YES;
				IPHONEOS_DEPLOYMENT_TARGET = 15.6;
				MARKETING_VERSION = 1.0;
				PRODUCT_BUNDLE_IDENTIFIER = com.igorelik.GoRacesTests;
				PRODUCT_NAME = "$(TARGET_NAME)";
				SWIFT_EMIT_LOC_STRINGS = NO;
				SWIFT_VERSION = 5.0;
				TARGETED_DEVICE_FAMILY = "1,2";
				TEST_HOST = "$(BUILT_PRODUCTS_DIR)/GoRaces.app/$(BUNDLE_EXECUTABLE_FOLDER_PATH)/GoRaces";
			};
			name = Release;
		};
/* End XCBuildConfiguration section */

/* Begin XCConfigurationList section */
		4202D4B42C4A485000223356 /* Build configuration list for PBXProject "GoRaces" */ = {
			isa = XCConfigurationList;
			buildConfigurations = (
				4202D4DB2C4A485100223356 /* Debug */,
				4202D4DC2C4A485100223356 /* Release */,
			);
			defaultConfigurationIsVisible = 0;
			defaultConfigurationName = Release;
		};
		4202D4DD2C4A485100223356 /* Build configuration list for PBXNativeTarget "GoRaces" */ = {
			isa = XCConfigurationList;
			buildConfigurations = (
				4202D4DE2C4A485100223356 /* Debug */,
				4202D4DF2C4A485100223356 /* Release */,
			);
			defaultConfigurationIsVisible = 0;
			defaultConfigurationName = Release;
		};
		4202D4E02C4A485100223356 /* Build configuration list for PBXNativeTarget "GoRacesTests" */ = {
			isa = XCConfigurationList;
			buildConfigurations = (
				4202D4E12C4A485100223356 /* Debug */,
				4202D4E22C4A485100223356 /* Release */,
			);
			defaultConfigurationIsVisible = 0;
			defaultConfigurationName = Release;
		};
/* End XCConfigurationList section */

/* Begin XCRemoteSwiftPackageReference section */
		4202D4E62C4A591500223356 /* XCRemoteSwiftPackageReference "Swinject" */ = {
			isa = XCRemoteSwiftPackageReference;
			repositoryURL = "https://github.com/Swinject/Swinject.git";
			requirement = {
				kind = upToNextMajorVersion;
				minimumVersion = 2.9.1;
			};
		};
/* End XCRemoteSwiftPackageReference section */

/* Begin XCSwiftPackageProductDependency section */
		4202D4E72C4A591500223356 /* Swinject */ = {
			isa = XCSwiftPackageProductDependency;
			package = 4202D4E62C4A591500223356 /* XCRemoteSwiftPackageReference "Swinject" */;
			productName = Swinject;
		};
/* End XCSwiftPackageProductDependency section */
	};
	rootObject = 4202D4B12C4A485000223356 /* Project object */;
}
