// !$*UTF8*$!
{
	archiveVersion = 1;
	classes = {
	};
	objectVersion = 56;
	objects = {

/* Begin PBXBuildFile section */
		4202D4BD2C4A485000223356 /* GoRacesApp.swift in Sources */ = {isa = PBXBuildFile; fileRef = 4202D4BC2C4A485000223356 /* GoRacesApp.swift */; };
		4202D4BF2C4A485000223356 /* ContentView.swift in Sources */ = {isa = PBXBuildFile; fileRef = 4202D4BE2C4A485000223356 /* ContentView.swift */; };
		4202D4C12C4A485100223356 /* Assets.xcassets in Resources */ = {isa = PBXBuildFile; fileRef = 4202D4C02C4A485100223356 /* Assets.xcassets */; };
		4202D4C42C4A485100223356 /* Preview Assets.xcassets in Resources */ = {isa = PBXBuildFile; fileRef = 4202D4C32C4A485100223356 /* Preview Assets.xcassets */; };
		4202D4CE2C4A485100223356 /* GoRacesTests.swift in Sources */ = {isa = PBXBuildFile; fileRef = 4202D4CD2C4A485100223356 /* GoRacesTests.swift */; };
		4202D4D82C4A485100223356 /* GoRacesUITests.swift in Sources */ = {isa = PBXBuildFile; fileRef = 4202D4D72C4A485100223356 /* GoRacesUITests.swift */; };
		4202D4DA2C4A485100223356 /* GoRacesUITestsLaunchTests.swift in Sources */ = {isa = PBXBuildFile; fileRef = 4202D4D92C4A485100223356 /* GoRacesUITestsLaunchTests.swift */; };
/* End PBXBuildFile section */

/* Begin PBXContainerItemProxy section */
		4202D4CA2C4A485100223356 /* PBXContainerItemProxy */ = {
			isa = PBXContainerItemProxy;
			containerPortal = 4202D4B12C4A485000223356 /* Project object */;
			proxyType = 1;
			remoteGlobalIDString = 4202D4B82C4A485000223356;
			remoteInfo = GoRaces;
		};
		4202D4D42C4A485100223356 /* PBXContainerItemProxy */ = {
			isa = PBXContainerItemProxy;
			containerPortal = 4202D4B12C4A485000223356 /* Project object */;
			proxyType = 1;
			remoteGlobalIDString = 4202D4B82C4A485000223356;
			remoteInfo = GoRaces;
		};
/* End PBXContainerItemProxy section */

/* Begin PBXFileReference section */
		4202D4B92C4A485000223356 /* GoRaces.app */ = {isa = PBXFileReference; explicitFileType = wrapper.application; includeInIndex = 0; path = GoRaces.app; sourceTree = BUILT_PRODUCTS_DIR; };
		4202D4BC2C4A485000223356 /* GoRacesApp.swift */ = {isa = PBXFileReference; lastKnownFileType = sourcecode.swift; path = GoRacesApp.swift; sourceTree = "<group>"; };
		4202D4BE2C4A485000223356 /* ContentView.swift */ = {isa = PBXFileReference; lastKnownFileType = sourcecode.swift; path = ContentView.swift; sourceTree = "<group>"; };
		4202D4C02C4A485100223356 /* Assets.xcassets */ = {isa = PBXFileReference; lastKnownFileType = folder.assetcatalog; path = Assets.xcassets; sourceTree = "<group>"; };
		4202D4C32C4A485100223356 /* Preview Assets.xcassets */ = {isa = PBXFileReference; lastKnownFileType = folder.assetcatalog; path = "Preview Assets.xcassets"; sourceTree = "<group>"; };
		4202D4C92C4A485100223356 /* GoRacesTests.xctest */ = {isa = PBXFileReference; explicitFileType = wrapper.cfbundle; includeInIndex = 0; path = GoRacesTests.xctest; sourceTree = BUILT_PRODUCTS_DIR; };
		4202D4CD2C4A485100223356 /* GoRacesTests.swift */ = {isa = PBXFileReference; lastKnownFileType = sourcecode.swift; path = GoRacesTests.swift; sourceTree = "<group>"; };
		4202D4D32C4A485100223356 /* GoRacesUITests.xctest */ = {isa = PBXFileReference; explicitFileType = wrapper.cfbundle; includeInIndex = 0; path = GoRacesUITests.xctest; sourceTree = BUILT_PRODUCTS_DIR; };
		4202D4D72C4A485100223356 /* GoRacesUITests.swift */ = {isa = PBXFileReference; lastKnownFileType = sourcecode.swift; path = GoRacesUITests.swift; sourceTree = "<group>"; };
		4202D4D92C4A485100223356 /* GoRacesUITestsLaunchTests.swift */ = {isa = PBXFileReference; lastKnownFileType = sourcecode.swift; path = GoRacesUITestsLaunchTests.swift; sourceTree = "<group>"; };
/* End PBXFileReference section */

/* Begin PBXFrameworksBuildPhase section */
		4202D4B62C4A485000223356 /* Frameworks */ = {
			isa = PBXFrameworksBuildPhase;
			buildActionMask = 2147483647;
			files = (
			);
			runOnlyForDeploymentPostprocessing = 0;
		};
		4202D4C62C4A485100223356 /* Frameworks */ = {
			isa = PBXFrameworksBuildPhase;
			buildActionMask = 2147483647;
			files = (
			);
			runOnlyForDeploymentPostprocessing = 0;
		};
		4202D4D02C4A485100223356 /* Frameworks */ = {
			isa = PBXFrameworksBuildPhase;
			buildActionMask = 2147483647;
			files = (
			);
			runOnlyForDeploymentPostprocessing = 0;
		};
/* End PBXFrameworksBuildPhase section */

/* Begin PBXGroup section */
		4202D4B02C4A485000223356 = {
			isa = PBXGroup;
			children = (
				4202D4BB2C4A485000223356 /* GoRaces */,
				4202D4CC2C4A485100223356 /* GoRacesTests */,
				4202D4D62C4A485100223356 /* GoRacesUITests */,
				4202D4BA2C4A485000223356 /* Products */,
			);
			sourceTree = "<group>";
		};
		4202D4BA2C4A485000223356 /* Products */ = {
			isa = PBXGroup;
			children = (
				4202D4B92C4A485000223356 /* GoRaces.app */,
				4202D4C92C4A485100223356 /* GoRacesTests.xctest */,
				4202D4D32C4A485100223356 /* GoRacesUITests.xctest */,
			);
			name = Products;
			sourceTree = "<group>";
		};
		4202D4BB2C4A485000223356 /* GoRaces */ = {
			isa = PBXGroup;
			children = (
				4202D4BC2C4A485000223356 /* GoRacesApp.swift */,
				4202D4BE2C4A485000223356 /* ContentView.swift */,
				4202D4C02C4A485100223356 /* Assets.xcassets */,
				4202D4C22C4A485100223356 /* Preview Content */,
			);
			path = GoRaces;
			sourceTree = "<group>";
		};
		4202D4C22C4A485100223356 /* Preview Content */ = {
			isa = PBXGroup;
			children = (
				4202D4C32C4A485100223356 /* Preview Assets.xcassets */,
			);
			path = "Preview Content";
			sourceTree = "<group>";
		};
		4202D4CC2C4A485100223356 /* GoRacesTests */ = {
			isa = PBXGroup;
			children = (
				4202D4CD2C4A485100223356 /* GoRacesTests.swift */,
			);
			path = GoRacesTests;
			sourceTree = "<group>";
		};
		4202D4D62C4A485100223356 /* GoRacesUITests */ = {
			isa = PBXGroup;
			children = (
				4202D4D72C4A485100223356 /* GoRacesUITests.swift */,
				4202D4D92C4A485100223356 /* GoRacesUITestsLaunchTests.swift */,
			);
			path = GoRacesUITests;
			sourceTree = "<group>";
		};
/* End PBXGroup section */

/* Begin PBXNativeTarget section */
		4202D4B82C4A485000223356 /* GoRaces */ = {
			isa = PBXNativeTarget;
			buildConfigurationList = 4202D4DD2C4A485100223356 /* Build configuration list for PBXNativeTarget "GoRaces" */;
			buildPhases = (
				4202D4B52C4A485000223356 /* Sources */,
				4202D4B62C4A485000223356 /* Frameworks */,
				4202D4B72C4A485000223356 /* Resources */,
			);
			buildRules = (
			);
			dependencies = (
			);
			name = GoRaces;
			productName = GoRaces;
			productReference = 4202D4B92C4A485000223356 /* GoRaces.app */;
			productType = "com.apple.product-type.application";
		};
		4202D4C82C4A485100223356 /* GoRacesTests */ = {
			isa = PBXNativeTarget;
			buildConfigurationList = 4202D4E02C4A485100223356 /* Build configuration list for PBXNativeTarget "GoRacesTests" */;
			buildPhases = (
				4202D4C52C4A485100223356 /* Sources */,
				4202D4C62C4A485100223356 /* Frameworks */,
				4202D4C72C4A485100223356 /* Resources */,
			);
			buildRules = (
			);
			dependencies = (
				4202D4CB2C4A485100223356 /* PBXTargetDependency */,
			);
			name = GoRacesTests;
			productName = GoRacesTests;
			productReference = 4202D4C92C4A485100223356 /* GoRacesTests.xctest */;
			productType = "com.apple.product-type.bundle.unit-test";
		};
		4202D4D22C4A485100223356 /* GoRacesUITests */ = {
			isa = PBXNativeTarget;
			buildConfigurationList = 4202D4E32C4A485100223356 /* Build configuration list for PBXNativeTarget "GoRacesUITests" */;
			buildPhases = (
				4202D4CF2C4A485100223356 /* Sources */,
				4202D4D02C4A485100223356 /* Frameworks */,
				4202D4D12C4A485100223356 /* Resources */,
			);
			buildRules = (
			);
			dependencies = (
				4202D4D52C4A485100223356 /* PBXTargetDependency */,
			);
			name = GoRacesUITests;
			productName = GoRacesUITests;
			productReference = 4202D4D32C4A485100223356 /* GoRacesUITests.xctest */;
			productType = "com.apple.product-type.bundle.ui-testing";
		};
/* End PBXNativeTarget section */

/* Begin PBXProject section */
		4202D4B12C4A485000223356 /* Project object */ = {
			isa = PBXProject;
			attributes = {
				BuildIndependentTargetsInParallel = 1;
				LastSwiftUpdateCheck = 1540;
				LastUpgradeCheck = 1540;
				TargetAttributes = {
					4202D4B82C4A485000223356 = {
						CreatedOnToolsVersion = 15.4;
					};
					4202D4C82C4A485100223356 = {
						CreatedOnToolsVersion = 15.4;
						TestTargetID = 4202D4B82C4A485000223356;
					};
					4202D4D22C4A485100223356 = {
						CreatedOnToolsVersion = 15.4;
						TestTargetID = 4202D4B82C4A485000223356;
					};
				};
			};
			buildConfigurationList = 4202D4B42C4A485000223356 /* Build configuration list for PBXProject "GoRaces" */;
			compatibilityVersion = "Xcode 14.0";
			developmentRegion = en;
			hasScannedForEncodings = 0;
			knownRegions = (
				en,
				Base,
			);
			mainGroup = 4202D4B02C4A485000223356;
			productRefGroup = 4202D4BA2C4A485000223356 /* Products */;
			projectDirPath = "";
			projectRoot = "";
			targets = (
				4202D4B82C4A485000223356 /* GoRaces */,
				4202D4C82C4A485100223356 /* GoRacesTests */,
				4202D4D22C4A485100223356 /* GoRacesUITests */,
			);
		};
/* End PBXProject section */

/* Begin PBXResourcesBuildPhase section */
		4202D4B72C4A485000223356 /* Resources */ = {
			isa = PBXResourcesBuildPhase;
			buildActionMask = 2147483647;
			files = (
				4202D4C42C4A485100223356 /* Preview Assets.xcassets in Resources */,
				4202D4C12C4A485100223356 /* Assets.xcassets in Resources */,
			);
			runOnlyForDeploymentPostprocessing = 0;
		};
		4202D4C72C4A485100223356 /* Resources */ = {
			isa = PBXResourcesBuildPhase;
			buildActionMask = 2147483647;
			files = (
			);
			runOnlyForDeploymentPostprocessing = 0;
		};
		4202D4D12C4A485100223356 /* Resources */ = {
			isa = PBXResourcesBuildPhase;
			buildActionMask = 2147483647;
			files = (
			);
			runOnlyForDeploymentPostprocessing = 0;
		};
/* End PBXResourcesBuildPhase section */

/* Begin PBXSourcesBuildPhase section */
		4202D4B52C4A485000223356 /* Sources */ = {
			isa = PBXSourcesBuildPhase;
			buildActionMask = 2147483647;
			files = (
				4202D4BF2C4A485000223356 /* ContentView.swift in Sources */,
				4202D4BD2C4A485000223356 /* GoRacesApp.swift in Sources */,
			);
			runOnlyForDeploymentPostprocessing = 0;
		};
		4202D4C52C4A485100223356 /* Sources */ = {
			isa = PBXSourcesBuildPhase;
			buildActionMask = 2147483647;
			files = (
				4202D4CE2C4A485100223356 /* GoRacesTests.swift in Sources */,
			);
			runOnlyForDeploymentPostprocessing = 0;
		};
		4202D4CF2C4A485100223356 /* Sources */ = {
			isa = PBXSourcesBuildPhase;
			buildActionMask = 2147483647;
			files = (
				4202D4D82C4A485100223356 /* GoRacesUITests.swift in Sources */,
				4202D4DA2C4A485100223356 /* GoRacesUITestsLaunchTests.swift in Sources */,
			);
			runOnlyForDeploymentPostprocessing = 0;
		};
/* End PBXSourcesBuildPhase section */

/* Begin PBXTargetDependency section */
		4202D4CB2C4A485100223356 /* PBXTargetDependency */ = {
			isa = PBXTargetDependency;
			target = 4202D4B82C4A485000223356 /* GoRaces */;
			targetProxy = 4202D4CA2C4A485100223356 /* PBXContainerItemProxy */;
		};
		4202D4D52C4A485100223356 /* PBXTargetDependency */ = {
			isa = PBXTargetDependency;
			target = 4202D4B82C4A485000223356 /* GoRaces */;
			targetProxy = 4202D4D42C4A485100223356 /* PBXContainerItemProxy */;
		};
/* End PBXTargetDependency section */

/* Begin XCBuildConfiguration section */
		4202D4DB2C4A485100223356 /* Debug */ = {
			isa = XCBuildConfiguration;
			buildSettings = {
				ALWAYS_SEARCH_USER_PATHS = NO;
				ASSETCATALOG_COMPILER_GENERATE_SWIFT_ASSET_SYMBOL_EXTENSIONS = YES;
				CLANG_ANALYZER_NONNULL = YES;
				CLANG_ANALYZER_NUMBER_OBJECT_CONVERSION = YES_AGGRESSIVE;
				CLANG_CXX_LANGUAGE_STANDARD = "gnu++20";
				CLANG_ENABLE_MODULES = YES;
				CLANG_ENABLE_OBJC_ARC = YES;
				CLANG_ENABLE_OBJC_WEAK = YES;
				CLANG_WARN_BLOCK_CAPTURE_AUTORELEASING = YES;
				CLANG_WARN_BOOL_CONVERSION = YES;
				CLANG_WARN_COMMA = YES;
				CLANG_WARN_CONSTANT_CONVERSION = YES;
				CLANG_WARN_DEPRECATED_OBJC_IMPLEMENTATIONS = YES;
				CLANG_WARN_DIRECT_OBJC_ISA_USAGE = YES_ERROR;
				CLANG_WARN_DOCUMENTATION_COMMENTS = YES;
				CLANG_WARN_EMPTY_BODY = YES;
				CLANG_WARN_ENUM_CONVERSION = YES;
				CLANG_WARN_INFINITE_RECURSION = YES;
				CLANG_WARN_INT_CONVERSION = YES;
				CLANG_WARN_NON_LITERAL_NULL_CONVERSION = YES;
				CLANG_WARN_OBJC_IMPLICIT_RETAIN_SELF = YES;
				CLANG_WARN_OBJC_LITERAL_CONVERSION = YES;
				CLANG_WARN_OBJC_ROOT_CLASS = YES_ERROR;
				CLANG_WARN_QUOTED_INCLUDE_IN_FRAMEWORK_HEADER = YES;
				CLANG_WARN_RANGE_LOOP_ANALYSIS = YES;
				CLANG_WARN_STRICT_PROTOTYPES = YES;
				CLANG_WARN_SUSPICIOUS_MOVE = YES;
				CLANG_WARN_UNGUARDED_AVAILABILITY = YES_AGGRESSIVE;
				CLANG_WARN_UNREACHABLE_CODE = YES;
				CLANG_WARN__DUPLICATE_METHOD_MATCH = YES;
				COPY_PHASE_STRIP = NO;
				DEBUG_INFORMATION_FORMAT = dwarf;
				ENABLE_STRICT_OBJC_MSGSEND = YES;
				ENABLE_TESTABILITY = YES;
				ENABLE_USER_SCRIPT_SANDBOXING = YES;
				GCC_C_LANGUAGE_STANDARD = gnu17;
				GCC_DYNAMIC_NO_PIC = NO;
				GCC_NO_COMMON_BLOCKS = YES;
				GCC_OPTIMIZATION_LEVEL = 0;
				GCC_PREPROCESSOR_DEFINITIONS = (
					"DEBUG=1",
					"$(inherited)",
				);
				GCC_WARN_64_TO_32_BIT_CONVERSION = YES;
				GCC_WARN_ABOUT_RETURN_TYPE = YES_ERROR;
				GCC_WARN_UNDECLARED_SELECTOR = YES;
				GCC_WARN_UNINITIALIZED_AUTOS = YES_AGGRESSIVE;
				GCC_WARN_UNUSED_FUNCTION = YES;
				GCC_WARN_UNUSED_VARIABLE = YES;
				IPHONEOS_DEPLOYMENT_TARGET = 17.5;
				LOCALIZATION_PREFERS_STRING_CATALOGS = YES;
				MTL_ENABLE_DEBUG_INFO = INCLUDE_SOURCE;
				MTL_FAST_MATH = YES;
				ONLY_ACTIVE_ARCH = YES;
				SDKROOT = iphoneos;
				SWIFT_ACTIVE_COMPILATION_CONDITIONS = "DEBUG $(inherited)";
				SWIFT_OPTIMIZATION_LEVEL = "-Onone";
			};
			name = Debug;
		};
		4202D4DC2C4A485100223356 /* Release */ = {
			isa = XCBuildConfiguration;
			buildSettings = {
				ALWAYS_SEARCH_USER_PATHS = NO;
				ASSETCATALOG_COMPILER_GENERATE_SWIFT_ASSET_SYMBOL_EXTENSIONS = YES;
				CLANG_ANALYZER_NONNULL = YES;
				CLANG_ANALYZER_NUMBER_OBJECT_CONVERSION = YES_AGGRESSIVE;
				CLANG_CXX_LANGUAGE_STANDARD = "gnu++20";
				CLANG_ENABLE_MODULES = YES;
				CLANG_ENABLE_OBJC_ARC = YES;
				CLANG_ENABLE_OBJC_WEAK = YES;
				CLANG_WARN_BLOCK_CAPTURE_AUTORELEASING = YES;
				CLANG_WARN_BOOL_CONVERSION = YES;
				CLANG_WARN_COMMA = YES;
				CLANG_WARN_CONSTANT_CONVERSION = YES;
				CLANG_WARN_DEPRECATED_OBJC_IMPLEMENTATIONS = YES;
				CLANG_WARN_DIRECT_OBJC_ISA_USAGE = YES_ERROR;
				CLANG_WARN_DOCUMENTATION_COMMENTS = YES;
				CLANG_WARN_EMPTY_BODY = YES;
				CLANG_WARN_ENUM_CONVERSION = YES;
				CLANG_WARN_INFINITE_RECURSION = YES;
				CLANG_WARN_INT_CONVERSION = YES;
				CLANG_WARN_NON_LITERAL_NULL_CONVERSION = YES;
				CLANG_WARN_OBJC_IMPLICIT_RETAIN_SELF = YES;
				CLANG_WARN_OBJC_LITERAL_CONVERSION = YES;
				CLANG_WARN_OBJC_ROOT_CLASS = YES_ERROR;
				CLANG_WARN_QUOTED_INCLUDE_IN_FRAMEWORK_HEADER = YES;
				CLANG_WARN_RANGE_LOOP_ANALYSIS = YES;
				CLANG_WARN_STRICT_PROTOTYPES = YES;
				CLANG_WARN_SUSPICIOUS_MOVE = YES;
				CLANG_WARN_UNGUARDED_AVAILABILITY = YES_AGGRESSIVE;
				CLANG_WARN_UNREACHABLE_CODE = YES;
				CLANG_WARN__DUPLICATE_METHOD_MATCH = YES;
				COPY_PHASE_STRIP = NO;
				DEBUG_INFORMATION_FORMAT = "dwarf-with-dsym";
				ENABLE_NS_ASSERTIONS = NO;
				ENABLE_STRICT_OBJC_MSGSEND = YES;
				ENABLE_USER_SCRIPT_SANDBOXING = YES;
				GCC_C_LANGUAGE_STANDARD = gnu17;
				GCC_NO_COMMON_BLOCKS = YES;
				GCC_WARN_64_TO_32_BIT_CONVERSION = YES;
				GCC_WARN_ABOUT_RETURN_TYPE = YES_ERROR;
				GCC_WARN_UNDECLARED_SELECTOR = YES;
				GCC_WARN_UNINITIALIZED_AUTOS = YES_AGGRESSIVE;
				GCC_WARN_UNUSED_FUNCTION = YES;
				GCC_WARN_UNUSED_VARIABLE = YES;
				IPHONEOS_DEPLOYMENT_TARGET = 17.5;
				LOCALIZATION_PREFERS_STRING_CATALOGS = YES;
				MTL_ENABLE_DEBUG_INFO = NO;
				MTL_FAST_MATH = YES;
				SDKROOT = iphoneos;
				SWIFT_COMPILATION_MODE = wholemodule;
				VALIDATE_PRODUCT = YES;
			};
			name = Release;
		};
		4202D4DE2C4A485100223356 /* Debug */ = {
			isa = XCBuildConfiguration;
			buildSettings = {
				ASSETCATALOG_COMPILER_APPICON_NAME = AppIcon;
				ASSETCATALOG_COMPILER_GLOBAL_ACCENT_COLOR_NAME = AccentColor;
				CODE_SIGN_STYLE = Automatic;
				CURRENT_PROJECT_VERSION = 1;
				DEVELOPMENT_ASSET_PATHS = "\"GoRaces/Preview Content\"";
				DEVELOPMENT_TEAM = TQDS6MDQ3F;
				ENABLE_PREVIEWS = YES;
				GENERATE_INFOPLIST_FILE = YES;
				INFOPLIST_KEY_UIApplicationSceneManifest_Generation = YES;
				INFOPLIST_KEY_UIApplicationSupportsIndirectInputEvents = YES;
				INFOPLIST_KEY_UILaunchScreen_Generation = YES;
				INFOPLIST_KEY_UISupportedInterfaceOrientations_iPad = "UIInterfaceOrientationPortrait UIInterfaceOrientationPortraitUpsideDown UIInterfaceOrientationLandscapeLeft UIInterfaceOrientationLandscapeRight";
				INFOPLIST_KEY_UISupportedInterfaceOrientations_iPhone = "UIInterfaceOrientationPortrait UIInterfaceOrientationLandscapeLeft UIInterfaceOrientationLandscapeRight";
				IPHONEOS_DEPLOYMENT_TARGET = 15.6;
				LD_RUNPATH_SEARCH_PATHS = (
					"$(inherited)",
					"@executable_path/Frameworks",
				);
				MARKETING_VERSION = 1.0;
				PRODUCT_BUNDLE_IDENTIFIER = com.igorelik.GoRaces;
				PRODUCT_NAME = "$(TARGET_NAME)";
				SWIFT_EMIT_LOC_STRINGS = YES;
				SWIFT_VERSION = 5.0;
				TARGETED_DEVICE_FAMILY = "1,2";
			};
			name = Debug;
		};
		4202D4DF2C4A485100223356 /* Release */ = {
			isa = XCBuildConfiguration;
			buildSettings = {
				ASSETCATALOG_COMPILER_APPICON_NAME = AppIcon;
				ASSETCATALOG_COMPILER_GLOBAL_ACCENT_COLOR_NAME = AccentColor;
				CODE_SIGN_STYLE = Automatic;
				CURRENT_PROJECT_VERSION = 1;
				DEVELOPMENT_ASSET_PATHS = "\"GoRaces/Preview Content\"";
				DEVELOPMENT_TEAM = TQDS6MDQ3F;
				ENABLE_PREVIEWS = YES;
				GENERATE_INFOPLIST_FILE = YES;
				INFOPLIST_KEY_UIApplicationSceneManifest_Generation = YES;
				INFOPLIST_KEY_UIApplicationSupportsIndirectInputEvents = YES;
				INFOPLIST_KEY_UILaunchScreen_Generation = YES;
				INFOPLIST_KEY_UISupportedInterfaceOrientations_iPad = "UIInterfaceOrientationPortrait UIInterfaceOrientationPortraitUpsideDown UIInterfaceOrientationLandscapeLeft UIInterfaceOrientationLandscapeRight";
				INFOPLIST_KEY_UISupportedInterfaceOrientations_iPhone = "UIInterfaceOrientationPortrait UIInterfaceOrientationLandscapeLeft UIInterfaceOrientationLandscapeRight";
				IPHONEOS_DEPLOYMENT_TARGET = 15.6;
				LD_RUNPATH_SEARCH_PATHS = (
					"$(inherited)",
					"@executable_path/Frameworks",
				);
				MARKETING_VERSION = 1.0;
				PRODUCT_BUNDLE_IDENTIFIER = com.igorelik.GoRaces;
				PRODUCT_NAME = "$(TARGET_NAME)";
				SWIFT_EMIT_LOC_STRINGS = YES;
				SWIFT_VERSION = 5.0;
				TARGETED_DEVICE_FAMILY = "1,2";
			};
			name = Release;
		};
		4202D4E12C4A485100223356 /* Debug */ = {
			isa = XCBuildConfiguration;
			buildSettings = {
				ALWAYS_EMBED_SWIFT_STANDARD_LIBRARIES = YES;
				BUNDLE_LOADER = "$(TEST_HOST)";
				CODE_SIGN_STYLE = Automatic;
				CURRENT_PROJECT_VERSION = 1;
				DEVELOPMENT_TEAM = TQDS6MDQ3F;
				GENERATE_INFOPLIST_FILE = YES;
				IPHONEOS_DEPLOYMENT_TARGET = 17.5;
				MARKETING_VERSION = 1.0;
				PRODUCT_BUNDLE_IDENTIFIER = com.igorelik.GoRacesTests;
				PRODUCT_NAME = "$(TARGET_NAME)";
				SWIFT_EMIT_LOC_STRINGS = NO;
				SWIFT_VERSION = 5.0;
				TARGETED_DEVICE_FAMILY = "1,2";
				TEST_HOST = "$(BUILT_PRODUCTS_DIR)/GoRaces.app/$(BUNDLE_EXECUTABLE_FOLDER_PATH)/GoRaces";
			};
			name = Debug;
		};
		4202D4E22C4A485100223356 /* Release */ = {
			isa = XCBuildConfiguration;
			buildSettings = {
				ALWAYS_EMBED_SWIFT_STANDARD_LIBRARIES = YES;
				BUNDLE_LOADER = "$(TEST_HOST)";
				CODE_SIGN_STYLE = Automatic;
				CURRENT_PROJECT_VERSION = 1;
				DEVELOPMENT_TEAM = TQDS6MDQ3F;
				GENERATE_INFOPLIST_FILE = YES;
				IPHONEOS_DEPLOYMENT_TARGET = 17.5;
				MARKETING_VERSION = 1.0;
				PRODUCT_BUNDLE_IDENTIFIER = com.igorelik.GoRacesTests;
				PRODUCT_NAME = "$(TARGET_NAME)";
				SWIFT_EMIT_LOC_STRINGS = NO;
				SWIFT_VERSION = 5.0;
				TARGETED_DEVICE_FAMILY = "1,2";
				TEST_HOST = "$(BUILT_PRODUCTS_DIR)/GoRaces.app/$(BUNDLE_EXECUTABLE_FOLDER_PATH)/GoRaces";
			};
			name = Release;
		};
		4202D4E42C4A485100223356 /* Debug */ = {
			isa = XCBuildConfiguration;
			buildSettings = {
				ALWAYS_EMBED_SWIFT_STANDARD_LIBRARIES = YES;
				CODE_SIGN_STYLE = Automatic;
				CURRENT_PROJECT_VERSION = 1;
				DEVELOPMENT_TEAM = TQDS6MDQ3F;
				GENERATE_INFOPLIST_FILE = YES;
				MARKETING_VERSION = 1.0;
				PRODUCT_BUNDLE_IDENTIFIER = com.igorelik.GoRacesUITests;
				PRODUCT_NAME = "$(TARGET_NAME)";
				SWIFT_EMIT_LOC_STRINGS = NO;
				SWIFT_VERSION = 5.0;
				TARGETED_DEVICE_FAMILY = "1,2";
				TEST_TARGET_NAME = GoRaces;
			};
			name = Debug;
		};
		4202D4E52C4A485100223356 /* Release */ = {
			isa = XCBuildConfiguration;
			buildSettings = {
				ALWAYS_EMBED_SWIFT_STANDARD_LIBRARIES = YES;
				CODE_SIGN_STYLE = Automatic;
				CURRENT_PROJECT_VERSION = 1;
				DEVELOPMENT_TEAM = TQDS6MDQ3F;
				GENERATE_INFOPLIST_FILE = YES;
				MARKETING_VERSION = 1.0;
				PRODUCT_BUNDLE_IDENTIFIER = com.igorelik.GoRacesUITests;
				PRODUCT_NAME = "$(TARGET_NAME)";
				SWIFT_EMIT_LOC_STRINGS = NO;
				SWIFT_VERSION = 5.0;
				TARGETED_DEVICE_FAMILY = "1,2";
				TEST_TARGET_NAME = GoRaces;
			};
			name = Release;
		};
/* End XCBuildConfiguration section */

/* Begin XCConfigurationList section */
		4202D4B42C4A485000223356 /* Build configuration list for PBXProject "GoRaces" */ = {
			isa = XCConfigurationList;
			buildConfigurations = (
				4202D4DB2C4A485100223356 /* Debug */,
				4202D4DC2C4A485100223356 /* Release */,
			);
			defaultConfigurationIsVisible = 0;
			defaultConfigurationName = Release;
		};
		4202D4DD2C4A485100223356 /* Build configuration list for PBXNativeTarget "GoRaces" */ = {
			isa = XCConfigurationList;
			buildConfigurations = (
				4202D4DE2C4A485100223356 /* Debug */,
				4202D4DF2C4A485100223356 /* Release */,
			);
			defaultConfigurationIsVisible = 0;
			defaultConfigurationName = Release;
		};
		4202D4E02C4A485100223356 /* Build configuration list for PBXNativeTarget "GoRacesTests" */ = {
			isa = XCConfigurationList;
			buildConfigurations = (
				4202D4E12C4A485100223356 /* Debug */,
				4202D4E22C4A485100223356 /* Release */,
			);
			defaultConfigurationIsVisible = 0;
			defaultConfigurationName = Release;
		};
		4202D4E32C4A485100223356 /* Build configuration list for PBXNativeTarget "GoRacesUITests" */ = {
			isa = XCConfigurationList;
			buildConfigurations = (
				4202D4E42C4A485100223356 /* Debug */,
				4202D4E52C4A485100223356 /* Release */,
			);
			defaultConfigurationIsVisible = 0;
			defaultConfigurationName = Release;
		};
/* End XCConfigurationList section */
	};
	rootObject = 4202D4B12C4A485000223356 /* Project object */;
}
